// !$*UTF8*$!
{
	archiveVersion = 1;
	classes = {
	};
	objectVersion = 51;
	objects = {

/* Begin PBXBuildFile section */
		E85666734D3878EF784FD68A /* Pods_KongShoot.framework in Frameworks */ = {isa = PBXBuildFile; fileRef = 8DAD216CE385EAA4CECB853A /* Pods_KongShoot.framework */; };
		FA6179DA243D7F9500C0939E /* AppDelegate.swift in Sources */ = {isa = PBXBuildFile; fileRef = FA6179D9243D7F9500C0939E /* AppDelegate.swift */; };
		FA6179DC243D7F9500C0939E /* GameScene.sks in Resources */ = {isa = PBXBuildFile; fileRef = FA6179DB243D7F9500C0939E /* GameScene.sks */; };
		FA6179DE243D7F9500C0939E /* Actions.sks in Resources */ = {isa = PBXBuildFile; fileRef = FA6179DD243D7F9500C0939E /* Actions.sks */; };
		FA6179E0243D7F9500C0939E /* GameScene.swift in Sources */ = {isa = PBXBuildFile; fileRef = FA6179DF243D7F9500C0939E /* GameScene.swift */; };
		FA6179E2243D7F9500C0939E /* GameViewController.swift in Sources */ = {isa = PBXBuildFile; fileRef = FA6179E1243D7F9500C0939E /* GameViewController.swift */; };
		FA6179E5243D7F9500C0939E /* Main.storyboard in Resources */ = {isa = PBXBuildFile; fileRef = FA6179E3243D7F9500C0939E /* Main.storyboard */; };
		FA6179E7243D7F9800C0939E /* Assets.xcassets in Resources */ = {isa = PBXBuildFile; fileRef = FA6179E6243D7F9800C0939E /* Assets.xcassets */; };
		FA6179EA243D7F9800C0939E /* LaunchScreen.storyboard in Resources */ = {isa = PBXBuildFile; fileRef = FA6179E8243D7F9800C0939E /* LaunchScreen.storyboard */; };
		FA6179F2243DF84A00C0939E /* win.wav in Resources */ = {isa = PBXBuildFile; fileRef = FA6179F1243DF84A00C0939E /* win.wav */; };
		FA6179F4243F4D5B00C0939E /* MainMenu.swift in Sources */ = {isa = PBXBuildFile; fileRef = FA6179F3243F4D5B00C0939E /* MainMenu.swift */; };
/* End PBXBuildFile section */

/* Begin PBXFileReference section */
		3E779683FA4A0F0906859F7D /* Pods-KongShoot.debug.xcconfig */ = {isa = PBXFileReference; includeInIndex = 1; lastKnownFileType = text.xcconfig; name = "Pods-KongShoot.debug.xcconfig"; path = "Target Support Files/Pods-KongShoot/Pods-KongShoot.debug.xcconfig"; sourceTree = "<group>"; };
		8DAD216CE385EAA4CECB853A /* Pods_KongShoot.framework */ = {isa = PBXFileReference; explicitFileType = wrapper.framework; includeInIndex = 0; path = Pods_KongShoot.framework; sourceTree = BUILT_PRODUCTS_DIR; };
		F2D5346659DC1F9C333FC53F /* Pods-KongShoot.release.xcconfig */ = {isa = PBXFileReference; includeInIndex = 1; lastKnownFileType = text.xcconfig; name = "Pods-KongShoot.release.xcconfig"; path = "Target Support Files/Pods-KongShoot/Pods-KongShoot.release.xcconfig"; sourceTree = "<group>"; };
		FA6179D6243D7F9500C0939E /* Doot.app */ = {isa = PBXFileReference; explicitFileType = wrapper.application; includeInIndex = 0; path = Doot.app; sourceTree = BUILT_PRODUCTS_DIR; };
		FA6179D9243D7F9500C0939E /* AppDelegate.swift */ = {isa = PBXFileReference; lastKnownFileType = sourcecode.swift; path = AppDelegate.swift; sourceTree = "<group>"; };
		FA6179DB243D7F9500C0939E /* GameScene.sks */ = {isa = PBXFileReference; lastKnownFileType = file.sks; path = GameScene.sks; sourceTree = "<group>"; };
		FA6179DD243D7F9500C0939E /* Actions.sks */ = {isa = PBXFileReference; lastKnownFileType = file.sks; path = Actions.sks; sourceTree = "<group>"; };
		FA6179DF243D7F9500C0939E /* GameScene.swift */ = {isa = PBXFileReference; lastKnownFileType = sourcecode.swift; path = GameScene.swift; sourceTree = "<group>"; };
		FA6179E1243D7F9500C0939E /* GameViewController.swift */ = {isa = PBXFileReference; lastKnownFileType = sourcecode.swift; path = GameViewController.swift; sourceTree = "<group>"; };
		FA6179E4243D7F9500C0939E /* Base */ = {isa = PBXFileReference; lastKnownFileType = file.storyboard; name = Base; path = Base.lproj/Main.storyboard; sourceTree = "<group>"; };
		FA6179E6243D7F9800C0939E /* Assets.xcassets */ = {isa = PBXFileReference; lastKnownFileType = folder.assetcatalog; path = Assets.xcassets; sourceTree = "<group>"; };
		FA6179E9243D7F9800C0939E /* Base */ = {isa = PBXFileReference; lastKnownFileType = file.storyboard; name = Base; path = Base.lproj/LaunchScreen.storyboard; sourceTree = "<group>"; };
		FA6179EB243D7F9800C0939E /* Info.plist */ = {isa = PBXFileReference; lastKnownFileType = text.plist.xml; path = Info.plist; sourceTree = "<group>"; };
		FA6179F1243DF84A00C0939E /* win.wav */ = {isa = PBXFileReference; lastKnownFileType = audio.wav; path = win.wav; sourceTree = "<group>"; };
		FA6179F3243F4D5B00C0939E /* MainMenu.swift */ = {isa = PBXFileReference; lastKnownFileType = sourcecode.swift; path = MainMenu.swift; sourceTree = "<group>"; };
/* End PBXFileReference section */

/* Begin PBXFrameworksBuildPhase section */
		FA6179D3243D7F9500C0939E /* Frameworks */ = {
			isa = PBXFrameworksBuildPhase;
			buildActionMask = 2147483647;
			files = (
				E85666734D3878EF784FD68A /* Pods_KongShoot.framework in Frameworks */,
			);
			runOnlyForDeploymentPostprocessing = 0;
		};
/* End PBXFrameworksBuildPhase section */

/* Begin PBXGroup section */
		AE481C9E3FCDB986EF3E5C3B /* Frameworks */ = {
			isa = PBXGroup;
			children = (
				8DAD216CE385EAA4CECB853A /* Pods_KongShoot.framework */,
			);
			name = Frameworks;
			sourceTree = "<group>";
		};
		D6CF863889BFD2B54D3CD652 /* Pods */ = {
			isa = PBXGroup;
			children = (
				3E779683FA4A0F0906859F7D /* Pods-KongShoot.debug.xcconfig */,
				F2D5346659DC1F9C333FC53F /* Pods-KongShoot.release.xcconfig */,
			);
			path = Pods;
			sourceTree = "<group>";
		};
		FA6179CD243D7F9500C0939E = {
			isa = PBXGroup;
			children = (
				FA6179D8243D7F9500C0939E /* KongShoot */,
				FA6179D7243D7F9500C0939E /* Products */,
				D6CF863889BFD2B54D3CD652 /* Pods */,
				AE481C9E3FCDB986EF3E5C3B /* Frameworks */,
			);
			sourceTree = "<group>";
		};
		FA6179D7243D7F9500C0939E /* Products */ = {
			isa = PBXGroup;
			children = (
				FA6179D6243D7F9500C0939E /* Doot.app */,
			);
			name = Products;
			sourceTree = "<group>";
		};
		FA6179D8243D7F9500C0939E /* KongShoot */ = {
			isa = PBXGroup;
			children = (
				FA6179D9243D7F9500C0939E /* AppDelegate.swift */,
				FA6179DB243D7F9500C0939E /* GameScene.sks */,
				FA6179DD243D7F9500C0939E /* Actions.sks */,
				FA6179DF243D7F9500C0939E /* GameScene.swift */,
				FA6179E1243D7F9500C0939E /* GameViewController.swift */,
				FA6179E3243D7F9500C0939E /* Main.storyboard */,
				FA6179E6243D7F9800C0939E /* Assets.xcassets */,
				FA6179E8243D7F9800C0939E /* LaunchScreen.storyboard */,
				FA6179EB243D7F9800C0939E /* Info.plist */,
				FA6179F1243DF84A00C0939E /* win.wav */,
				FA6179F3243F4D5B00C0939E /* MainMenu.swift */,
			);
			path = KongShoot;
			sourceTree = "<group>";
		};
/* End PBXGroup section */

/* Begin PBXNativeTarget section */
		FA6179D5243D7F9500C0939E /* KongShoot */ = {
			isa = PBXNativeTarget;
			buildConfigurationList = FA6179EE243D7F9800C0939E /* Build configuration list for PBXNativeTarget "KongShoot" */;
			buildPhases = (
				D8A8208986B4D2061429382C /* [CP] Check Pods Manifest.lock */,
				FA6179D2243D7F9500C0939E /* Sources */,
				FA6179D3243D7F9500C0939E /* Frameworks */,
				FA6179D4243D7F9500C0939E /* Resources */,
				C64D8C2C616160A20297CA17 /* [CP] Embed Pods Frameworks */,
			);
			buildRules = (
			);
			dependencies = (
			);
			name = KongShoot;
			productName = KongShoot;
			productReference = FA6179D6243D7F9500C0939E /* Doot.app */;
			productType = "com.apple.product-type.application";
		};
/* End PBXNativeTarget section */

/* Begin PBXProject section */
		FA6179CE243D7F9500C0939E /* Project object */ = {
			isa = PBXProject;
			attributes = {
				LastSwiftUpdateCheck = 1130;
				LastUpgradeCheck = 1130;
				ORGANIZATIONNAME = "Wayne Apps";
				TargetAttributes = {
					FA6179D5243D7F9500C0939E = {
						CreatedOnToolsVersion = 11.3.1;
					};
				};
			};
			buildConfigurationList = FA6179D1243D7F9500C0939E /* Build configuration list for PBXProject "KongShoot" */;
			compatibilityVersion = "Xcode 9.3";
			developmentRegion = en;
			hasScannedForEncodings = 0;
			knownRegions = (
				en,
				Base,
			);
			mainGroup = FA6179CD243D7F9500C0939E;
			productRefGroup = FA6179D7243D7F9500C0939E /* Products */;
			projectDirPath = "";
			projectRoot = "";
			targets = (
				FA6179D5243D7F9500C0939E /* KongShoot */,
			);
		};
/* End PBXProject section */

/* Begin PBXResourcesBuildPhase section */
		FA6179D4243D7F9500C0939E /* Resources */ = {
			isa = PBXResourcesBuildPhase;
			buildActionMask = 2147483647;
			files = (
				FA6179E5243D7F9500C0939E /* Main.storyboard in Resources */,
				FA6179DC243D7F9500C0939E /* GameScene.sks in Resources */,
				FA6179E7243D7F9800C0939E /* Assets.xcassets in Resources */,
				FA6179F2243DF84A00C0939E /* win.wav in Resources */,
				FA6179EA243D7F9800C0939E /* LaunchScreen.storyboard in Resources */,
				FA6179DE243D7F9500C0939E /* Actions.sks in Resources */,
			);
			runOnlyForDeploymentPostprocessing = 0;
		};
/* End PBXResourcesBuildPhase section */

/* Begin PBXShellScriptBuildPhase section */
		C64D8C2C616160A20297CA17 /* [CP] Embed Pods Frameworks */ = {
			isa = PBXShellScriptBuildPhase;
			buildActionMask = 2147483647;
			files = (
			);
			inputFileListPaths = (
				"${PODS_ROOT}/Target Support Files/Pods-KongShoot/Pods-KongShoot-frameworks-${CONFIGURATION}-input-files.xcfilelist",
			);
			name = "[CP] Embed Pods Frameworks";
			outputFileListPaths = (
				"${PODS_ROOT}/Target Support Files/Pods-KongShoot/Pods-KongShoot-frameworks-${CONFIGURATION}-output-files.xcfilelist",
			);
			runOnlyForDeploymentPostprocessing = 0;
			shellPath = /bin/sh;
			shellScript = "\"${PODS_ROOT}/Target Support Files/Pods-KongShoot/Pods-KongShoot-frameworks.sh\"\n";
			showEnvVarsInLog = 0;
		};
		D8A8208986B4D2061429382C /* [CP] Check Pods Manifest.lock */ = {
			isa = PBXShellScriptBuildPhase;
			buildActionMask = 2147483647;
			files = (
			);
			inputFileListPaths = (
			);
			inputPaths = (
				"${PODS_PODFILE_DIR_PATH}/Podfile.lock",
				"${PODS_ROOT}/Manifest.lock",
			);
			name = "[CP] Check Pods Manifest.lock";
			outputFileListPaths = (
			);
			outputPaths = (
				"$(DERIVED_FILE_DIR)/Pods-KongShoot-checkManifestLockResult.txt",
			);
			runOnlyForDeploymentPostprocessing = 0;
			shellPath = /bin/sh;
			shellScript = "diff \"${PODS_PODFILE_DIR_PATH}/Podfile.lock\" \"${PODS_ROOT}/Manifest.lock\" > /dev/null\nif [ $? != 0 ] ; then\n    # print error to STDERR\n    echo \"error: The sandbox is not in sync with the Podfile.lock. Run 'pod install' or update your CocoaPods installation.\" >&2\n    exit 1\nfi\n# This output is used by Xcode 'outputs' to avoid re-running this script phase.\necho \"SUCCESS\" > \"${SCRIPT_OUTPUT_FILE_0}\"\n";
			showEnvVarsInLog = 0;
		};
/* End PBXShellScriptBuildPhase section */

/* Begin PBXSourcesBuildPhase section */
		FA6179D2243D7F9500C0939E /* Sources */ = {
			isa = PBXSourcesBuildPhase;
			buildActionMask = 2147483647;
			files = (
				FA6179E0243D7F9500C0939E /* GameScene.swift in Sources */,
				FA6179E2243D7F9500C0939E /* GameViewController.swift in Sources */,
				FA6179DA243D7F9500C0939E /* AppDelegate.swift in Sources */,
				FA6179F4243F4D5B00C0939E /* MainMenu.swift in Sources */,
			);
			runOnlyForDeploymentPostprocessing = 0;
		};
/* End PBXSourcesBuildPhase section */

/* Begin PBXVariantGroup section */
		FA6179E3243D7F9500C0939E /* Main.storyboard */ = {
			isa = PBXVariantGroup;
			children = (
				FA6179E4243D7F9500C0939E /* Base */,
			);
			name = Main.storyboard;
			sourceTree = "<group>";
		};
		FA6179E8243D7F9800C0939E /* LaunchScreen.storyboard */ = {
			isa = PBXVariantGroup;
			children = (
				FA6179E9243D7F9800C0939E /* Base */,
			);
			name = LaunchScreen.storyboard;
			sourceTree = "<group>";
		};
/* End PBXVariantGroup section */

/* Begin XCBuildConfiguration section */
		FA6179EC243D7F9800C0939E /* Debug */ = {
			isa = XCBuildConfiguration;
			buildSettings = {
				ALWAYS_SEARCH_USER_PATHS = NO;
				CLANG_ANALYZER_NONNULL = YES;
				CLANG_ANALYZER_NUMBER_OBJECT_CONVERSION = YES_AGGRESSIVE;
				CLANG_CXX_LANGUAGE_STANDARD = "gnu++14";
				CLANG_CXX_LIBRARY = "libc++";
				CLANG_ENABLE_MODULES = YES;
				CLANG_ENABLE_OBJC_ARC = YES;
				CLANG_ENABLE_OBJC_WEAK = YES;
				CLANG_WARN_BLOCK_CAPTURE_AUTORELEASING = YES;
				CLANG_WARN_BOOL_CONVERSION = YES;
				CLANG_WARN_COMMA = YES;
				CLANG_WARN_CONSTANT_CONVERSION = YES;
				CLANG_WARN_DEPRECATED_OBJC_IMPLEMENTATIONS = YES;
				CLANG_WARN_DIRECT_OBJC_ISA_USAGE = YES_ERROR;
				CLANG_WARN_DOCUMENTATION_COMMENTS = YES;
				CLANG_WARN_EMPTY_BODY = YES;
				CLANG_WARN_ENUM_CONVERSION = YES;
				CLANG_WARN_INFINITE_RECURSION = YES;
				CLANG_WARN_INT_CONVERSION = YES;
				CLANG_WARN_NON_LITERAL_NULL_CONVERSION = YES;
				CLANG_WARN_OBJC_IMPLICIT_RETAIN_SELF = YES;
				CLANG_WARN_OBJC_LITERAL_CONVERSION = YES;
				CLANG_WARN_OBJC_ROOT_CLASS = YES_ERROR;
				CLANG_WARN_RANGE_LOOP_ANALYSIS = YES;
				CLANG_WARN_STRICT_PROTOTYPES = YES;
				CLANG_WARN_SUSPICIOUS_MOVE = YES;
				CLANG_WARN_UNGUARDED_AVAILABILITY = YES_AGGRESSIVE;
				CLANG_WARN_UNREACHABLE_CODE = YES;
				CLANG_WARN__DUPLICATE_METHOD_MATCH = YES;
				COPY_PHASE_STRIP = NO;
				DEBUG_INFORMATION_FORMAT = dwarf;
				ENABLE_STRICT_OBJC_MSGSEND = YES;
				ENABLE_TESTABILITY = YES;
				GCC_C_LANGUAGE_STANDARD = gnu11;
				GCC_DYNAMIC_NO_PIC = NO;
				GCC_NO_COMMON_BLOCKS = YES;
				GCC_OPTIMIZATION_LEVEL = 0;
				GCC_PREPROCESSOR_DEFINITIONS = (
					"DEBUG=1",
					"$(inherited)",
				);
				GCC_WARN_64_TO_32_BIT_CONVERSION = YES;
				GCC_WARN_ABOUT_RETURN_TYPE = YES_ERROR;
				GCC_WARN_UNDECLARED_SELECTOR = YES;
				GCC_WARN_UNINITIALIZED_AUTOS = YES_AGGRESSIVE;
				GCC_WARN_UNUSED_FUNCTION = YES;
				GCC_WARN_UNUSED_VARIABLE = YES;
				IPHONEOS_DEPLOYMENT_TARGET = 11.0;
				MTL_ENABLE_DEBUG_INFO = INCLUDE_SOURCE;
				MTL_FAST_MATH = YES;
				ONLY_ACTIVE_ARCH = YES;
				SDKROOT = iphoneos;
				SWIFT_ACTIVE_COMPILATION_CONDITIONS = DEBUG;
				SWIFT_OPTIMIZATION_LEVEL = "-Onone";
			};
			name = Debug;
		};
		FA6179ED243D7F9800C0939E /* Release */ = {
			isa = XCBuildConfiguration;
			buildSettings = {
				ALWAYS_SEARCH_USER_PATHS = NO;
				CLANG_ANALYZER_NONNULL = YES;
				CLANG_ANALYZER_NUMBER_OBJECT_CONVERSION = YES_AGGRESSIVE;
				CLANG_CXX_LANGUAGE_STANDARD = "gnu++14";
				CLANG_CXX_LIBRARY = "libc++";
				CLANG_ENABLE_MODULES = YES;
				CLANG_ENABLE_OBJC_ARC = YES;
				CLANG_ENABLE_OBJC_WEAK = YES;
				CLANG_WARN_BLOCK_CAPTURE_AUTORELEASING = YES;
				CLANG_WARN_BOOL_CONVERSION = YES;
				CLANG_WARN_COMMA = YES;
				CLANG_WARN_CONSTANT_CONVERSION = YES;
				CLANG_WARN_DEPRECATED_OBJC_IMPLEMENTATIONS = YES;
				CLANG_WARN_DIRECT_OBJC_ISA_USAGE = YES_ERROR;
				CLANG_WARN_DOCUMENTATION_COMMENTS = YES;
				CLANG_WARN_EMPTY_BODY = YES;
				CLANG_WARN_ENUM_CONVERSION = YES;
				CLANG_WARN_INFINITE_RECURSION = YES;
				CLANG_WARN_INT_CONVERSION = YES;
				CLANG_WARN_NON_LITERAL_NULL_CONVERSION = YES;
				CLANG_WARN_OBJC_IMPLICIT_RETAIN_SELF = YES;
				CLANG_WARN_OBJC_LITERAL_CONVERSION = YES;
				CLANG_WARN_OBJC_ROOT_CLASS = YES_ERROR;
				CLANG_WARN_RANGE_LOOP_ANALYSIS = YES;
				CLANG_WARN_STRICT_PROTOTYPES = YES;
				CLANG_WARN_SUSPICIOUS_MOVE = YES;
				CLANG_WARN_UNGUARDED_AVAILABILITY = YES_AGGRESSIVE;
				CLANG_WARN_UNREACHABLE_CODE = YES;
				CLANG_WARN__DUPLICATE_METHOD_MATCH = YES;
				COPY_PHASE_STRIP = NO;
				DEBUG_INFORMATION_FORMAT = "dwarf-with-dsym";
				ENABLE_NS_ASSERTIONS = NO;
				ENABLE_STRICT_OBJC_MSGSEND = YES;
				GCC_C_LANGUAGE_STANDARD = gnu11;
				GCC_NO_COMMON_BLOCKS = YES;
				GCC_WARN_64_TO_32_BIT_CONVERSION = YES;
				GCC_WARN_ABOUT_RETURN_TYPE = YES_ERROR;
				GCC_WARN_UNDECLARED_SELECTOR = YES;
				GCC_WARN_UNINITIALIZED_AUTOS = YES_AGGRESSIVE;
				GCC_WARN_UNUSED_FUNCTION = YES;
				GCC_WARN_UNUSED_VARIABLE = YES;
				IPHONEOS_DEPLOYMENT_TARGET = 11.0;
				MTL_ENABLE_DEBUG_INFO = NO;
				MTL_FAST_MATH = YES;
				SDKROOT = iphoneos;
				SWIFT_COMPILATION_MODE = wholemodule;
				SWIFT_OPTIMIZATION_LEVEL = "-O";
				VALIDATE_PRODUCT = YES;
			};
			name = Release;
		};
		FA6179EF243D7F9800C0939E /* Debug */ = {
			isa = XCBuildConfiguration;
			baseConfigurationReference = 3E779683FA4A0F0906859F7D /* Pods-KongShoot.debug.xcconfig */;
			buildSettings = {
				ASSETCATALOG_COMPILER_APPICON_NAME = AppIcon;
				CODE_SIGN_STYLE = Automatic;
				CURRENT_PROJECT_VERSION = 5;
				DEVELOPMENT_TEAM = TX4WW8TVSW;
				INFOPLIST_FILE = KongShoot/Info.plist;
				IPHONEOS_DEPLOYMENT_TARGET = 11.0;
				LD_RUNPATH_SEARCH_PATHS = (
					"$(inherited)",
					"@executable_path/Frameworks",
				);
				MARKETING_VERSION = 1.0.2;
				PRODUCT_BUNDLE_IDENTIFIER = com.wayneapps.arrowshoot;
				PRODUCT_NAME = Doot;
				SWIFT_VERSION = 5.0;
				TARGETED_DEVICE_FAMILY = 1;
			};
			name = Debug;
		};
		FA6179F0243D7F9800C0939E /* Release */ = {
			isa = XCBuildConfiguration;
			baseConfigurationReference = F2D5346659DC1F9C333FC53F /* Pods-KongShoot.release.xcconfig */;
			buildSettings = {
				ASSETCATALOG_COMPILER_APPICON_NAME = AppIcon;
				CODE_SIGN_STYLE = Automatic;
				CURRENT_PROJECT_VERSION = 5;
				DEVELOPMENT_TEAM = TX4WW8TVSW;
				INFOPLIST_FILE = KongShoot/Info.plist;
				IPHONEOS_DEPLOYMENT_TARGET = 11.0;
				LD_RUNPATH_SEARCH_PATHS = (
					"$(inherited)",
					"@executable_path/Frameworks",
				);
				MARKETING_VERSION = 1.0.2;
				PRODUCT_BUNDLE_IDENTIFIER = com.wayneapps.arrowshoot;
				PRODUCT_NAME = Doot;
				SWIFT_VERSION = 5.0;
				TARGETED_DEVICE_FAMILY = 1;
			};
			name = Release;
		};
/* End XCBuildConfiguration section */

/* Begin XCConfigurationList section */
		FA6179D1243D7F9500C0939E /* Build configuration list for PBXProject "KongShoot" */ = {
			isa = XCConfigurationList;
			buildConfigurations = (
				FA6179EC243D7F9800C0939E /* Debug */,
				FA6179ED243D7F9800C0939E /* Release */,
			);
			defaultConfigurationIsVisible = 0;
			defaultConfigurationName = Release;
		};
		FA6179EE243D7F9800C0939E /* Build configuration list for PBXNativeTarget "KongShoot" */ = {
			isa = XCConfigurationList;
			buildConfigurations = (
				FA6179EF243D7F9800C0939E /* Debug */,
				FA6179F0243D7F9800C0939E /* Release */,
			);
			defaultConfigurationIsVisible = 0;
			defaultConfigurationName = Release;
		};
/* End XCConfigurationList section */
	};
	rootObject = FA6179CE243D7F9500C0939E /* Project object */;
}
